github.com/go-chi/chi v4.0.2+incompatible h1:maB6vn6FqCxrpz4FqWdh4+lwpyZIQS7YEAUcHlgXVRs=
github.com/go-chi/chi v4.0.2+incompatible/go.mod h1:eB3wogJHnLi3x/kFX2A+IbTBlXxmMeXJVKy9tTv1XzQ=
github.com/go-sql-driver/mysql v1.4.1 h1:g24URVg0OFbNUTx9qqY1IRZ9D9z3iPyi5zKhQZpNwpA=
github.com/go-sql-driver/mysql v1.4.1/go.mod h1:zAC/RDZ24gD3HViQzih4MyKcchzm+sOG5ZlKdlhCg5w=
github.com/mozillazg/go-slugify v0.2.0 h1:SIhqDlnJWZH8OdiTmQgeXR28AOnypmAXPeOTcG7b9lk=
github.com/mozillazg/go-slugify v0.2.0/go.mod h1:z7dPH74PZf2ZPFkyxx+zjPD8CNzRJNa1CGacv0gg8Ns=
github.com/mozillazg/go-unidecode v0.1.1 h1:uiRy1s4TUqLbcROUrnCN/V85Jlli2AmDF6EeAXOeMHE=
github.com/mozillazg/go-unidecode v0.1.1/go.mod h1:fYMdhyjni9ZeEmS6OE/GJHDLsF8TQvIVDwYR/drR26Q=
github.com/runehistory/runehistory-api v0.0.0-20180716141409-4e857c7fdbdf h1:FaxHKq81sQsl+q4p0YeP+TMRqSyqOs3874idSFIew2E=
github.com/satori/go.uuid v1.2.0 h1:0uYX9dsZ2yD7q2RtLRtPSdGDWzjeM3TbMJP9utgA0ww=
github.com/satori/go.uuid v1.2.0/go.mod h1:dA0hQrYB0VpLJoorglMZABFdXlWrHn1NEOzdhQKdks0=
